
Microsoft Visual Studio Solution File, Format Version 12.00
# Visual Studio Version 17
VisualStudioVersion = 17.13.35919.96 d17.13
MinimumVisualStudioVersion = 10.0.40219.1
Project("{FAE04EC0-301F-11D3-BF4B-00C04F79EFBC}") = "MauiApp", "MauiApp.csproj", "{D7E953AA-D0DD-4CFA-BCA0-EE978C0FB4DF}"
EndProject
Global
	GlobalSection(SolutionConfigurationPlatforms) = preSolution
		Debug|Any CPU = Debug|Any CPU
		Release|Any CPU = Release|Any CPU
	EndGlobalSection
	GlobalSection(ProjectConfigurationPlatforms) = postSolution
		{D7E953AA-D0DD-4CFA-BCA0-EE978C0FB4DF}.Debug|Any CPU.ActiveCfg = Debug|Any CPU
		{D7E953AA-D0DD-4CFA-BCA0-EE978C0FB4DF}.Debug|Any CPU.Build.0 = Debug|Any CPU
		{D7E953AA-D0DD-4CFA-BCA0-EE978C0FB4DF}.Debug|Any CPU.Deploy.0 = Debug|Any CPU
		{D7E953AA-D0DD-4CFA-BCA0-EE978C0FB4DF}.Release|Any CPU.ActiveCfg = Release|Any CPU
		{D7E953AA-D0DD-4CFA-BCA0-EE978C0FB4DF}.Release|Any CPU.Build.0 = Release|Any CPU
		{D7E953AA-D0DD-4CFA-BCA0-EE978C0FB4DF}.Release|Any CPU.Deploy.0 = Release|Any CPU
	EndGlobalSection
	GlobalSection(SolutionProperties) = preSolution
		HideSolutionNode = FALSE
	EndGlobalSection
	GlobalSection(ExtensibilityGlobals) = postSolution
		SolutionGuid = {85EA90AA-D4BB-48FB-B12B-50CC73F48B55}
	EndGlobalSection
EndGlobal
